{
  "requires": true,
  "lockfileVersion": 1,
  "dependencies": {
    "ansi-styles": {
      "version": "1.0.0",
      "resolved": "https://registry.npmjs.org/ansi-styles/-/ansi-styles-1.0.0.tgz",
      "integrity": "sha1-yxAt8cVvUSPquLZ817mAJ6AnkXg="
    },
    "async": {
      "version": "1.0.0",
      "resolved": "https://registry.npmjs.org/async/-/async-1.0.0.tgz",
      "integrity": "sha1-+PwEyjoTeErenhZBr5hXjPvWR6k="
    },
    "chalk": {
      "version": "0.4.0",
      "resolved": "https://registry.npmjs.org/chalk/-/chalk-0.4.0.tgz",
      "integrity": "sha1-UZmj3c0MHv4jvAjBsCewYXbgxk8=",
      "requires": {
        "ansi-styles": "1.0.0",
        "has-color": "0.1.7",
        "strip-ansi": "0.1.1"
      }
    },
    "colors": {
      "version": "1.0.3",
      "resolved": "https://registry.npmjs.org/colors/-/colors-1.0.3.tgz",
      "integrity": "sha1-BDP0TYCWgP3rYO0mDxsMJi6CpAs="
    },
    "cycle": {
      "version": "1.0.3",
      "resolved": "https://registry.npmjs.org/cycle/-/cycle-1.0.3.tgz",
      "integrity": "sha1-IegLK+hYD5i0aPN5QwZisEbDStI="
    },
    "express-winston": {
      "version": "2.5.1",
      "resolved": "https://registry.npmjs.org/express-winston/-/express-winston-2.5.1.tgz",
      "integrity": "sha512-mDBfUtYNt1hibuvAKK/grxmT+X1DNcAUgKFQaicfv96+A328tK5O+mGCbV8pK5K3UCUW80r1frnNg0PZMkH1yQ==",
      "requires": {
        "chalk": "0.4.0",
        "lodash": "4.17.10"
      }
    },
    "eyes": {
      "version": "0.1.8",
      "resolved": "https://registry.npmjs.org/eyes/-/eyes-0.1.8.tgz",
      "integrity": "sha1-Ys8SAjTGg3hdkCNIqADvPgzCC8A="
    },
    "has-color": {
      "version": "0.1.7",
      "resolved": "https://registry.npmjs.org/has-color/-/has-color-0.1.7.tgz",
      "integrity": "sha1-ZxRKUmDDT8PMpnfQQdr1L+e3iy8="
    },
    "isstream": {
      "version": "0.1.2",
      "resolved": "https://registry.npmjs.org/isstream/-/isstream-0.1.2.tgz",
      "integrity": "sha1-R+Y/evVa+m+S4VAOaQ64uFKcCZo="
    },
    "lodash": {
      "version": "4.17.10",
      "resolved": "https://registry.npmjs.org/lodash/-/lodash-4.17.10.tgz",
      "integrity": "sha512-UejweD1pDoXu+AD825lWwp4ZGtSwgnpZxb3JDViD7StjQz+Nb/6l093lx4OQ0foGWNRoc19mWy7BzL+UAK2iVg=="
    },
    "stack-trace": {
      "version": "0.0.10",
      "resolved": "https://registry.npmjs.org/stack-trace/-/stack-trace-0.0.10.tgz",
      "integrity": "sha1-VHxws0fo0ytOEI6hoqFZ5f3eGcA="
    },
    "strip-ansi": {
      "version": "0.1.1",
      "resolved": "https://registry.npmjs.org/strip-ansi/-/strip-ansi-0.1.1.tgz",
      "integrity": "sha1-OeipjQRNFQZgq+SmgIrPcLt7yZE="
    },
    "winston": {
      "version": "2.4.2",
      "resolved": "https://registry.npmjs.org/winston/-/winston-2.4.2.tgz",
      "integrity": "sha512-4S/Ad4ZfSNl8OccCLxnJmNISWcm2joa6Q0YGDxlxMzH0fgSwWsjMt+SmlNwCqdpaPg3ev1HKkMBsIiXeSUwpbA==",
      "requires": {
        "async": "1.0.0",
        "colors": "1.0.3",
        "cycle": "1.0.3",
        "eyes": "0.1.8",
        "isstream": "0.1.2",
        "stack-trace": "0.0.10"
      }
    }
  }
}
